
Microsoft Visual Studio Solution File, Format Version 12.00
# Visual Studio Version 17
VisualStudioVersion = 17.7.33808.371
MinimumVisualStudioVersion = 10.0.40219.1
Project("{9A19103F-16F7-4668-BE54-9A1E7A4F7556}") = "Leetcode", "Leetcode\Leetcode.csproj", "{44B7C87D-00E5-427D-9B7A-2D0864D15187}"
EndProject
Global
	GlobalSection(SolutionConfigurationPlatforms) = preSolution
		Debug|Any CPU = Debug|Any CPU
		Release|Any CPU = Release|Any CPU
	EndGlobalSection
	GlobalSection(ProjectConfigurationPlatforms) = postSolution
		{44B7C87D-00E5-427D-9B7A-2D0864D15187}.Debug|Any CPU.ActiveCfg = Debug|Any CPU
		{44B7C87D-00E5-427D-9B7A-2D0864D15187}.Debug|Any CPU.Build.0 = Debug|Any CPU
		{44B7C87D-00E5-427D-9B7A-2D0864D15187}.Release|Any CPU.ActiveCfg = Release|Any CPU
		{44B7C87D-00E5-427D-9B7A-2D0864D15187}.Release|Any CPU.Build.0 = Release|Any CPU
	EndGlobalSection
	GlobalSection(SolutionProperties) = preSolution
		HideSolutionNode = FALSE
	EndGlobalSection
	GlobalSection(ExtensibilityGlobals) = postSolution
		SolutionGuid = {81A78182-1879-4CD9-B54A-1A478DE656FF}
	EndGlobalSection
EndGlobal
